
Microsoft Visual Studio Solution File, Format Version 12.00
# Visual Studio Version 17
VisualStudioVersion = 17.2.32602.215
MinimumVisualStudioVersion = 10.0.40219.1
Project("{FAE04EC0-301F-11D3-BF4B-00C04F79EFBC}") = "Vowels2", "Vowels2\Vowels2.csproj", "{869EE366-7B27-4AA3-9FBE-3D5B10A61025}"
EndProject
Global
	GlobalSection(SolutionConfigurationPlatforms) = preSolution
		Debug|Any CPU = Debug|Any CPU
		Release|Any CPU = Release|Any CPU
	EndGlobalSection
	GlobalSection(ProjectConfigurationPlatforms) = postSolution
		{869EE366-7B27-4AA3-9FBE-3D5B10A61025}.Debug|Any CPU.ActiveCfg = Debug|Any CPU
		{869EE366-7B27-4AA3-9FBE-3D5B10A61025}.Debug|Any CPU.Build.0 = Debug|Any CPU
		{869EE366-7B27-4AA3-9FBE-3D5B10A61025}.Release|Any CPU.ActiveCfg = Release|Any CPU
		{869EE366-7B27-4AA3-9FBE-3D5B10A61025}.Release|Any CPU.Build.0 = Release|Any CPU
	EndGlobalSection
	GlobalSection(SolutionProperties) = preSolution
		HideSolutionNode = FALSE
	EndGlobalSection
	GlobalSection(ExtensibilityGlobals) = postSolution
		SolutionGuid = {94DB1AE4-9045-4B7D-A0DE-3B03F3494179}
	EndGlobalSection
EndGlobal
