
Microsoft Visual Studio Solution File, Format Version 12.00
# Visual Studio Version 17
VisualStudioVersion = 17.2.32602.215
MinimumVisualStudioVersion = 10.0.40219.1
Project("{FAE04EC0-301F-11D3-BF4B-00C04F79EFBC}") = "Pattern2", "Pattern2\Pattern2.csproj", "{C060C82F-BFA4-4FBB-A903-BEE659BB6C8B}"
EndProject
Global
	GlobalSection(SolutionConfigurationPlatforms) = preSolution
		Debug|Any CPU = Debug|Any CPU
		Release|Any CPU = Release|Any CPU
	EndGlobalSection
	GlobalSection(ProjectConfigurationPlatforms) = postSolution
		{C060C82F-BFA4-4FBB-A903-BEE659BB6C8B}.Debug|Any CPU.ActiveCfg = Debug|Any CPU
		{C060C82F-BFA4-4FBB-A903-BEE659BB6C8B}.Debug|Any CPU.Build.0 = Debug|Any CPU
		{C060C82F-BFA4-4FBB-A903-BEE659BB6C8B}.Release|Any CPU.ActiveCfg = Release|Any CPU
		{C060C82F-BFA4-4FBB-A903-BEE659BB6C8B}.Release|Any CPU.Build.0 = Release|Any CPU
	EndGlobalSection
	GlobalSection(SolutionProperties) = preSolution
		HideSolutionNode = FALSE
	EndGlobalSection
	GlobalSection(ExtensibilityGlobals) = postSolution
		SolutionGuid = {EC61D762-4E5D-44FA-B6DB-CE48BB0980E2}
	EndGlobalSection
EndGlobal
